
Microsoft Visual Studio Solution File, Format Version 12.00
# Visual Studio Version 16
VisualStudioVersion = 16.0.31702.278
MinimumVisualStudioVersion = 10.0.40219.1
Project("{FAE04EC0-301F-11D3-BF4B-00C04F79EFBC}") = "ProjektZaliczeniowyCore", "ProjektZaliczeniowyCore.csproj", "{B28EA6F8-15A9-416D-832D-074EBC2DE193}"
EndProject
Global
	GlobalSection(SolutionConfigurationPlatforms) = preSolution
		Debug|Any CPU = Debug|Any CPU
		Release|Any CPU = Release|Any CPU
	EndGlobalSection
	GlobalSection(ProjectConfigurationPlatforms) = postSolution
		{B28EA6F8-15A9-416D-832D-074EBC2DE193}.Debug|Any CPU.ActiveCfg = Debug|Any CPU
		{B28EA6F8-15A9-416D-832D-074EBC2DE193}.Debug|Any CPU.Build.0 = Debug|Any CPU
		{B28EA6F8-15A9-416D-832D-074EBC2DE193}.Release|Any CPU.ActiveCfg = Release|Any CPU
		{B28EA6F8-15A9-416D-832D-074EBC2DE193}.Release|Any CPU.Build.0 = Release|Any CPU
	EndGlobalSection
	GlobalSection(SolutionProperties) = preSolution
		HideSolutionNode = FALSE
	EndGlobalSection
	GlobalSection(ExtensibilityGlobals) = postSolution
		SolutionGuid = {084A5B4C-C925-48D5-BD37-0F47E43D22BF}
	EndGlobalSection
EndGlobal
